
Microsoft Visual Studio Solution File, Format Version 12.00
# Visual Studio Version 16
VisualStudioVersion = 16.0.31019.35
MinimumVisualStudioVersion = 10.0.40219.1
Project("{FAE04EC0-301F-11D3-BF4B-00C04F79EFBC}") = "ReadFromTXT", "ReadFromTXT\ReadFromTXT.csproj", "{EAC1FE0D-F742-4AF7-A4D0-1BB9840A2767}"
EndProject
Global
	GlobalSection(SolutionConfigurationPlatforms) = preSolution
		Debug|Any CPU = Debug|Any CPU
		Release|Any CPU = Release|Any CPU
	EndGlobalSection
	GlobalSection(ProjectConfigurationPlatforms) = postSolution
		{EAC1FE0D-F742-4AF7-A4D0-1BB9840A2767}.Debug|Any CPU.ActiveCfg = Debug|Any CPU
		{EAC1FE0D-F742-4AF7-A4D0-1BB9840A2767}.Debug|Any CPU.Build.0 = Debug|Any CPU
		{EAC1FE0D-F742-4AF7-A4D0-1BB9840A2767}.Release|Any CPU.ActiveCfg = Release|Any CPU
		{EAC1FE0D-F742-4AF7-A4D0-1BB9840A2767}.Release|Any CPU.Build.0 = Release|Any CPU
	EndGlobalSection
	GlobalSection(SolutionProperties) = preSolution
		HideSolutionNode = FALSE
	EndGlobalSection
	GlobalSection(ExtensibilityGlobals) = postSolution
		SolutionGuid = {0214CFFE-E053-48B7-B2C4-6CEFD30AAEA5}
	EndGlobalSection
EndGlobal
